
Microsoft Visual Studio Solution File, Format Version 12.00
# Visual Studio 2013
VisualStudioVersion = 12.0.31101.0
MinimumVisualStudioVersion = 10.0.40219.1
Project("{FAE04EC0-301F-11D3-BF4B-00C04F79EFBC}") = "Rabbit.Kernel", "Rabbit.Kernel\Rabbit.Kernel.csproj", "{B9C6D026-75ED-49DE-8889-4930A72590DA}"
EndProject
Project("{2150E333-8FDC-42A3-9474-1A3956D46DE8}") = "Components", "Components", "{1A1BBF06-E0FE-4C73-8FE7-0E57DB038A4E}"
EndProject
Project("{FAE04EC0-301F-11D3-BF4B-00C04F79EFBC}") = "Rabbit.Components.Bus.SignalR", "Components\Rabbit.Components.Bus.SignalR\Rabbit.Components.Bus.SignalR.csproj", "{9CFB26AD-C4BC-4B94-B08C-1E1AB680AAC8}"
EndProject
Project("{FAE04EC0-301F-11D3-BF4B-00C04F79EFBC}") = "Rabbit.Components.Command", "Components\Rabbit.Components.Command\Rabbit.Components.Command.csproj", "{79C7D04E-F1F2-465C-B885-C7780D0F0D0B}"
EndProject
Project("{FAE04EC0-301F-11D3-BF4B-00C04F79EFBC}") = "Rabbit.Components.Data", "Components\Rabbit.Components.Data\Rabbit.Components.Data.csproj", "{E8DF5B3D-C5FF-4F22-9C98-1FF8F76D9181}"
EndProject
Project("{FAE04EC0-301F-11D3-BF4B-00C04F79EFBC}") = "Rabbit.Components.Data.Migrators", "Components\Rabbit.Components.Data.Migrators\Rabbit.Components.Data.Migrators.csproj", "{5A17E426-0466-4AE8-887C-5B7C66EFF989}"
EndProject
Project("{FAE04EC0-301F-11D3-BF4B-00C04F79EFBC}") = "Rabbit.Components.Logging.NLog", "Components\Rabbit.Components.Logging.NLog\Rabbit.Components.Logging.NLog.csproj", "{D5DAE815-12E1-469B-BE9E-29E41ED2FCD1}"
EndProject
Project("{FAE04EC0-301F-11D3-BF4B-00C04F79EFBC}") = "Rabbit.Components.Security", "Components\Rabbit.Components.Security\Rabbit.Components.Security.csproj", "{94617F0E-C463-4B5F-A67F-677E3ABC8F3C}"
EndProject
Project("{2150E333-8FDC-42A3-9474-1A3956D46DE8}") = "Tests", "Tests", "{8BC06058-05B1-412B-9129-2B52C160B33C}"
EndProject
Project("{FAE04EC0-301F-11D3-BF4B-00C04F79EFBC}") = "Rabbit.Kernel.Tests", "Tests\Rabbit.Kernel.Tests\Rabbit.Kernel.Tests.csproj", "{5E3FF75B-DC48-4D31-BB54-9ED62B36AFEC}"
EndProject
Project("{FAE04EC0-301F-11D3-BF4B-00C04F79EFBC}") = "Rabbit.Web", "Rabbit.Web\Rabbit.Web.csproj", "{784ABF93-8450-4376-B745-51C686E4D616}"
EndProject
Project("{FAE04EC0-301F-11D3-BF4B-00C04F79EFBC}") = "Rabbit.Web.Mvc", "Rabbit.Web.Mvc\Rabbit.Web.Mvc.csproj", "{894071A5-046A-4F86-BFC3-9121C7A73232}"
EndProject
Project("{FAE04EC0-301F-11D3-BF4B-00C04F79EFBC}") = "Rabbit.Web.WarmupStarter", "Rabbit.Web.WarmupStarter\Rabbit.Web.WarmupStarter.csproj", "{79FDBF9A-DAE1-4FA6-B2BD-BA6711B300C7}"
EndProject
Project("{FAE04EC0-301F-11D3-BF4B-00C04F79EFBC}") = "Rabbit.Components.Data.EntityFramework", "Components\Rabbit.Components.Data.EntityFramework\Rabbit.Components.Data.EntityFramework.csproj", "{F7926212-524A-438A-ACEE-7ABA24423BD1}"
EndProject
Project("{FAE04EC0-301F-11D3-BF4B-00C04F79EFBC}") = "Rabbit.Components.Data.Mvc", "Components\Rabbit.Components.Data.Mvc\Rabbit.Components.Data.Mvc.csproj", "{F2EB72BD-2998-4256-B65A-BA0464F2646C}"
EndProject
Project("{FAE04EC0-301F-11D3-BF4B-00C04F79EFBC}") = "Rabbit.Components.Logging.NLog.Web", "Components\Rabbit.Components.Logging.NLog.Web\Rabbit.Components.Logging.NLog.Web.csproj", "{61DCCC87-4716-4A15-AA64-405D1F2D4A3A}"
EndProject
Project("{FAE04EC0-301F-11D3-BF4B-00C04F79EFBC}") = "Rabbit.Components.Security.Web", "Components\Rabbit.Components.Security.Web\Rabbit.Components.Security.Web.csproj", "{EA48C52A-8AD2-4070-8D26-8455CCDD23C1}"
EndProject
Project("{FAE04EC0-301F-11D3-BF4B-00C04F79EFBC}") = "Rabbit.Components.Web.SignalR", "Components\Rabbit.Components.Web.SignalR\Rabbit.Components.Web.SignalR.csproj", "{BE42C567-63DA-49AB-B59E-742ADFFFA2F3}"
EndProject
Global
	GlobalSection(SolutionConfigurationPlatforms) = preSolution
		Debug|Any CPU = Debug|Any CPU
		Net45_Debug|Any CPU = Net45_Debug|Any CPU
		Net45_Release|Any CPU = Net45_Release|Any CPU
		Release|Any CPU = Release|Any CPU
	EndGlobalSection
	GlobalSection(ProjectConfigurationPlatforms) = postSolution
		{B9C6D026-75ED-49DE-8889-4930A72590DA}.Debug|Any CPU.ActiveCfg = Debug|Any CPU
		{B9C6D026-75ED-49DE-8889-4930A72590DA}.Debug|Any CPU.Build.0 = Debug|Any CPU
		{B9C6D026-75ED-49DE-8889-4930A72590DA}.Net45_Debug|Any CPU.ActiveCfg = Net45_Debug|Any CPU
		{B9C6D026-75ED-49DE-8889-4930A72590DA}.Net45_Debug|Any CPU.Build.0 = Net45_Debug|Any CPU
		{B9C6D026-75ED-49DE-8889-4930A72590DA}.Net45_Release|Any CPU.ActiveCfg = Net45_Release|Any CPU
		{B9C6D026-75ED-49DE-8889-4930A72590DA}.Net45_Release|Any CPU.Build.0 = Net45_Release|Any CPU
		{B9C6D026-75ED-49DE-8889-4930A72590DA}.Release|Any CPU.ActiveCfg = Release|Any CPU
		{B9C6D026-75ED-49DE-8889-4930A72590DA}.Release|Any CPU.Build.0 = Release|Any CPU
		{9CFB26AD-C4BC-4B94-B08C-1E1AB680AAC8}.Debug|Any CPU.ActiveCfg = Debug|Any CPU
		{9CFB26AD-C4BC-4B94-B08C-1E1AB680AAC8}.Debug|Any CPU.Build.0 = Debug|Any CPU
		{9CFB26AD-C4BC-4B94-B08C-1E1AB680AAC8}.Net45_Debug|Any CPU.ActiveCfg = Net45_Debug|Any CPU
		{9CFB26AD-C4BC-4B94-B08C-1E1AB680AAC8}.Net45_Debug|Any CPU.Build.0 = Net45_Debug|Any CPU
		{9CFB26AD-C4BC-4B94-B08C-1E1AB680AAC8}.Net45_Release|Any CPU.ActiveCfg = Net45_Release|Any CPU
		{9CFB26AD-C4BC-4B94-B08C-1E1AB680AAC8}.Net45_Release|Any CPU.Build.0 = Net45_Release|Any CPU
		{9CFB26AD-C4BC-4B94-B08C-1E1AB680AAC8}.Release|Any CPU.ActiveCfg = Release|Any CPU
		{9CFB26AD-C4BC-4B94-B08C-1E1AB680AAC8}.Release|Any CPU.Build.0 = Release|Any CPU
		{79C7D04E-F1F2-465C-B885-C7780D0F0D0B}.Debug|Any CPU.ActiveCfg = Debug|Any CPU
		{79C7D04E-F1F2-465C-B885-C7780D0F0D0B}.Debug|Any CPU.Build.0 = Debug|Any CPU
		{79C7D04E-F1F2-465C-B885-C7780D0F0D0B}.Net45_Debug|Any CPU.ActiveCfg = Debug|Any CPU
		{79C7D04E-F1F2-465C-B885-C7780D0F0D0B}.Net45_Debug|Any CPU.Build.0 = Debug|Any CPU
		{79C7D04E-F1F2-465C-B885-C7780D0F0D0B}.Net45_Release|Any CPU.ActiveCfg = Release|Any CPU
		{79C7D04E-F1F2-465C-B885-C7780D0F0D0B}.Net45_Release|Any CPU.Build.0 = Release|Any CPU
		{79C7D04E-F1F2-465C-B885-C7780D0F0D0B}.Release|Any CPU.ActiveCfg = Release|Any CPU
		{79C7D04E-F1F2-465C-B885-C7780D0F0D0B}.Release|Any CPU.Build.0 = Release|Any CPU
		{E8DF5B3D-C5FF-4F22-9C98-1FF8F76D9181}.Debug|Any CPU.ActiveCfg = Debug|Any CPU
		{E8DF5B3D-C5FF-4F22-9C98-1FF8F76D9181}.Debug|Any CPU.Build.0 = Debug|Any CPU
		{E8DF5B3D-C5FF-4F22-9C98-1FF8F76D9181}.Net45_Debug|Any CPU.ActiveCfg = Net45_Debug|Any CPU
		{E8DF5B3D-C5FF-4F22-9C98-1FF8F76D9181}.Net45_Debug|Any CPU.Build.0 = Net45_Debug|Any CPU
		{E8DF5B3D-C5FF-4F22-9C98-1FF8F76D9181}.Net45_Release|Any CPU.ActiveCfg = Net45_Release|Any CPU
		{E8DF5B3D-C5FF-4F22-9C98-1FF8F76D9181}.Net45_Release|Any CPU.Build.0 = Net45_Release|Any CPU
		{E8DF5B3D-C5FF-4F22-9C98-1FF8F76D9181}.Release|Any CPU.ActiveCfg = Release|Any CPU
		{E8DF5B3D-C5FF-4F22-9C98-1FF8F76D9181}.Release|Any CPU.Build.0 = Release|Any CPU
		{5A17E426-0466-4AE8-887C-5B7C66EFF989}.Debug|Any CPU.ActiveCfg = Debug|Any CPU
		{5A17E426-0466-4AE8-887C-5B7C66EFF989}.Debug|Any CPU.Build.0 = Debug|Any CPU
		{5A17E426-0466-4AE8-887C-5B7C66EFF989}.Net45_Debug|Any CPU.ActiveCfg = Net45_Debug|Any CPU
		{5A17E426-0466-4AE8-887C-5B7C66EFF989}.Net45_Debug|Any CPU.Build.0 = Net45_Debug|Any CPU
		{5A17E426-0466-4AE8-887C-5B7C66EFF989}.Net45_Release|Any CPU.ActiveCfg = Net45_Release|Any CPU
		{5A17E426-0466-4AE8-887C-5B7C66EFF989}.Net45_Release|Any CPU.Build.0 = Net45_Release|Any CPU
		{5A17E426-0466-4AE8-887C-5B7C66EFF989}.Release|Any CPU.ActiveCfg = Release|Any CPU
		{5A17E426-0466-4AE8-887C-5B7C66EFF989}.Release|Any CPU.Build.0 = Release|Any CPU
		{D5DAE815-12E1-469B-BE9E-29E41ED2FCD1}.Debug|Any CPU.ActiveCfg = Debug|Any CPU
		{D5DAE815-12E1-469B-BE9E-29E41ED2FCD1}.Debug|Any CPU.Build.0 = Debug|Any CPU
		{D5DAE815-12E1-469B-BE9E-29E41ED2FCD1}.Net45_Debug|Any CPU.ActiveCfg = Net45_Debug|Any CPU
		{D5DAE815-12E1-469B-BE9E-29E41ED2FCD1}.Net45_Debug|Any CPU.Build.0 = Net45_Debug|Any CPU
		{D5DAE815-12E1-469B-BE9E-29E41ED2FCD1}.Net45_Release|Any CPU.ActiveCfg = Net45_Release|Any CPU
		{D5DAE815-12E1-469B-BE9E-29E41ED2FCD1}.Net45_Release|Any CPU.Build.0 = Net45_Release|Any CPU
		{D5DAE815-12E1-469B-BE9E-29E41ED2FCD1}.Release|Any CPU.ActiveCfg = Release|Any CPU
		{D5DAE815-12E1-469B-BE9E-29E41ED2FCD1}.Release|Any CPU.Build.0 = Release|Any CPU
		{94617F0E-C463-4B5F-A67F-677E3ABC8F3C}.Debug|Any CPU.ActiveCfg = Debug|Any CPU
		{94617F0E-C463-4B5F-A67F-677E3ABC8F3C}.Debug|Any CPU.Build.0 = Debug|Any CPU
		{94617F0E-C463-4B5F-A67F-677E3ABC8F3C}.Net45_Debug|Any CPU.ActiveCfg = Debug|Any CPU
		{94617F0E-C463-4B5F-A67F-677E3ABC8F3C}.Net45_Debug|Any CPU.Build.0 = Debug|Any CPU
		{94617F0E-C463-4B5F-A67F-677E3ABC8F3C}.Net45_Release|Any CPU.ActiveCfg = Release|Any CPU
		{94617F0E-C463-4B5F-A67F-677E3ABC8F3C}.Net45_Release|Any CPU.Build.0 = Release|Any CPU
		{94617F0E-C463-4B5F-A67F-677E3ABC8F3C}.Release|Any CPU.ActiveCfg = Release|Any CPU
		{94617F0E-C463-4B5F-A67F-677E3ABC8F3C}.Release|Any CPU.Build.0 = Release|Any CPU
		{5E3FF75B-DC48-4D31-BB54-9ED62B36AFEC}.Debug|Any CPU.ActiveCfg = Debug|Any CPU
		{5E3FF75B-DC48-4D31-BB54-9ED62B36AFEC}.Debug|Any CPU.Build.0 = Debug|Any CPU
		{5E3FF75B-DC48-4D31-BB54-9ED62B36AFEC}.Net45_Debug|Any CPU.ActiveCfg = Debug|Any CPU
		{5E3FF75B-DC48-4D31-BB54-9ED62B36AFEC}.Net45_Debug|Any CPU.Build.0 = Debug|Any CPU
		{5E3FF75B-DC48-4D31-BB54-9ED62B36AFEC}.Net45_Release|Any CPU.ActiveCfg = Release|Any CPU
		{5E3FF75B-DC48-4D31-BB54-9ED62B36AFEC}.Net45_Release|Any CPU.Build.0 = Release|Any CPU
		{5E3FF75B-DC48-4D31-BB54-9ED62B36AFEC}.Release|Any CPU.ActiveCfg = Release|Any CPU
		{5E3FF75B-DC48-4D31-BB54-9ED62B36AFEC}.Release|Any CPU.Build.0 = Release|Any CPU
		{784ABF93-8450-4376-B745-51C686E4D616}.Debug|Any CPU.ActiveCfg = Debug|Any CPU
		{784ABF93-8450-4376-B745-51C686E4D616}.Debug|Any CPU.Build.0 = Debug|Any CPU
		{784ABF93-8450-4376-B745-51C686E4D616}.Net45_Debug|Any CPU.ActiveCfg = Net45_Debug|Any CPU
		{784ABF93-8450-4376-B745-51C686E4D616}.Net45_Debug|Any CPU.Build.0 = Net45_Debug|Any CPU
		{784ABF93-8450-4376-B745-51C686E4D616}.Net45_Release|Any CPU.ActiveCfg = Net45_Release|Any CPU
		{784ABF93-8450-4376-B745-51C686E4D616}.Net45_Release|Any CPU.Build.0 = Net45_Release|Any CPU
		{784ABF93-8450-4376-B745-51C686E4D616}.Release|Any CPU.ActiveCfg = Release|Any CPU
		{784ABF93-8450-4376-B745-51C686E4D616}.Release|Any CPU.Build.0 = Release|Any CPU
		{894071A5-046A-4F86-BFC3-9121C7A73232}.Debug|Any CPU.ActiveCfg = Debug|Any CPU
		{894071A5-046A-4F86-BFC3-9121C7A73232}.Debug|Any CPU.Build.0 = Debug|Any CPU
		{894071A5-046A-4F86-BFC3-9121C7A73232}.Net45_Debug|Any CPU.ActiveCfg = Net45_Debug|Any CPU
		{894071A5-046A-4F86-BFC3-9121C7A73232}.Net45_Debug|Any CPU.Build.0 = Net45_Debug|Any CPU
		{894071A5-046A-4F86-BFC3-9121C7A73232}.Net45_Release|Any CPU.ActiveCfg = Net45_Release|Any CPU
		{894071A5-046A-4F86-BFC3-9121C7A73232}.Net45_Release|Any CPU.Build.0 = Net45_Release|Any CPU
		{894071A5-046A-4F86-BFC3-9121C7A73232}.Release|Any CPU.ActiveCfg = Release|Any CPU
		{894071A5-046A-4F86-BFC3-9121C7A73232}.Release|Any CPU.Build.0 = Release|Any CPU
		{79FDBF9A-DAE1-4FA6-B2BD-BA6711B300C7}.Debug|Any CPU.ActiveCfg = Debug|Any CPU
		{79FDBF9A-DAE1-4FA6-B2BD-BA6711B300C7}.Debug|Any CPU.Build.0 = Debug|Any CPU
		{79FDBF9A-DAE1-4FA6-B2BD-BA6711B300C7}.Net45_Debug|Any CPU.ActiveCfg = Net45_Debug|Any CPU
		{79FDBF9A-DAE1-4FA6-B2BD-BA6711B300C7}.Net45_Debug|Any CPU.Build.0 = Net45_Debug|Any CPU
		{79FDBF9A-DAE1-4FA6-B2BD-BA6711B300C7}.Net45_Release|Any CPU.ActiveCfg = Net45_Release|Any CPU
		{79FDBF9A-DAE1-4FA6-B2BD-BA6711B300C7}.Net45_Release|Any CPU.Build.0 = Net45_Release|Any CPU
		{79FDBF9A-DAE1-4FA6-B2BD-BA6711B300C7}.Release|Any CPU.ActiveCfg = Release|Any CPU
		{79FDBF9A-DAE1-4FA6-B2BD-BA6711B300C7}.Release|Any CPU.Build.0 = Release|Any CPU
		{F7926212-524A-438A-ACEE-7ABA24423BD1}.Debug|Any CPU.ActiveCfg = Debug|Any CPU
		{F7926212-524A-438A-ACEE-7ABA24423BD1}.Debug|Any CPU.Build.0 = Debug|Any CPU
		{F7926212-524A-438A-ACEE-7ABA24423BD1}.Net45_Debug|Any CPU.ActiveCfg = Net45_Debug|Any CPU
		{F7926212-524A-438A-ACEE-7ABA24423BD1}.Net45_Debug|Any CPU.Build.0 = Net45_Debug|Any CPU
		{F7926212-524A-438A-ACEE-7ABA24423BD1}.Net45_Release|Any CPU.ActiveCfg = Net45_Release|Any CPU
		{F7926212-524A-438A-ACEE-7ABA24423BD1}.Net45_Release|Any CPU.Build.0 = Net45_Release|Any CPU
		{F7926212-524A-438A-ACEE-7ABA24423BD1}.Release|Any CPU.ActiveCfg = Release|Any CPU
		{F7926212-524A-438A-ACEE-7ABA24423BD1}.Release|Any CPU.Build.0 = Release|Any CPU
		{F2EB72BD-2998-4256-B65A-BA0464F2646C}.Debug|Any CPU.ActiveCfg = Debug|Any CPU
		{F2EB72BD-2998-4256-B65A-BA0464F2646C}.Debug|Any CPU.Build.0 = Debug|Any CPU
		{F2EB72BD-2998-4256-B65A-BA0464F2646C}.Net45_Debug|Any CPU.ActiveCfg = Net45_Debug|Any CPU
		{F2EB72BD-2998-4256-B65A-BA0464F2646C}.Net45_Debug|Any CPU.Build.0 = Net45_Debug|Any CPU
		{F2EB72BD-2998-4256-B65A-BA0464F2646C}.Net45_Release|Any CPU.ActiveCfg = Net45_Release|Any CPU
		{F2EB72BD-2998-4256-B65A-BA0464F2646C}.Net45_Release|Any CPU.Build.0 = Net45_Release|Any CPU
		{F2EB72BD-2998-4256-B65A-BA0464F2646C}.Release|Any CPU.ActiveCfg = Release|Any CPU
		{F2EB72BD-2998-4256-B65A-BA0464F2646C}.Release|Any CPU.Build.0 = Release|Any CPU
		{61DCCC87-4716-4A15-AA64-405D1F2D4A3A}.Debug|Any CPU.ActiveCfg = Debug|Any CPU
		{61DCCC87-4716-4A15-AA64-405D1F2D4A3A}.Debug|Any CPU.Build.0 = Debug|Any CPU
		{61DCCC87-4716-4A15-AA64-405D1F2D4A3A}.Net45_Debug|Any CPU.ActiveCfg = Net45_Debug|Any CPU
		{61DCCC87-4716-4A15-AA64-405D1F2D4A3A}.Net45_Debug|Any CPU.Build.0 = Net45_Debug|Any CPU
		{61DCCC87-4716-4A15-AA64-405D1F2D4A3A}.Net45_Release|Any CPU.ActiveCfg = Net45_Release|Any CPU
		{61DCCC87-4716-4A15-AA64-405D1F2D4A3A}.Net45_Release|Any CPU.Build.0 = Net45_Release|Any CPU
		{61DCCC87-4716-4A15-AA64-405D1F2D4A3A}.Release|Any CPU.ActiveCfg = Release|Any CPU
		{61DCCC87-4716-4A15-AA64-405D1F2D4A3A}.Release|Any CPU.Build.0 = Release|Any CPU
		{EA48C52A-8AD2-4070-8D26-8455CCDD23C1}.Debug|Any CPU.ActiveCfg = Debug|Any CPU
		{EA48C52A-8AD2-4070-8D26-8455CCDD23C1}.Debug|Any CPU.Build.0 = Debug|Any CPU
		{EA48C52A-8AD2-4070-8D26-8455CCDD23C1}.Net45_Debug|Any CPU.ActiveCfg = Debug|Any CPU
		{EA48C52A-8AD2-4070-8D26-8455CCDD23C1}.Net45_Debug|Any CPU.Build.0 = Debug|Any CPU
		{EA48C52A-8AD2-4070-8D26-8455CCDD23C1}.Net45_Release|Any CPU.ActiveCfg = Release|Any CPU
		{EA48C52A-8AD2-4070-8D26-8455CCDD23C1}.Net45_Release|Any CPU.Build.0 = Release|Any CPU
		{EA48C52A-8AD2-4070-8D26-8455CCDD23C1}.Release|Any CPU.ActiveCfg = Release|Any CPU
		{EA48C52A-8AD2-4070-8D26-8455CCDD23C1}.Release|Any CPU.Build.0 = Release|Any CPU
		{BE42C567-63DA-49AB-B59E-742ADFFFA2F3}.Debug|Any CPU.ActiveCfg = Debug|Any CPU
		{BE42C567-63DA-49AB-B59E-742ADFFFA2F3}.Debug|Any CPU.Build.0 = Debug|Any CPU
		{BE42C567-63DA-49AB-B59E-742ADFFFA2F3}.Net45_Debug|Any CPU.ActiveCfg = Debug|Any CPU
		{BE42C567-63DA-49AB-B59E-742ADFFFA2F3}.Net45_Debug|Any CPU.Build.0 = Debug|Any CPU
		{BE42C567-63DA-49AB-B59E-742ADFFFA2F3}.Net45_Release|Any CPU.ActiveCfg = Release|Any CPU
		{BE42C567-63DA-49AB-B59E-742ADFFFA2F3}.Net45_Release|Any CPU.Build.0 = Release|Any CPU
		{BE42C567-63DA-49AB-B59E-742ADFFFA2F3}.Release|Any CPU.ActiveCfg = Release|Any CPU
		{BE42C567-63DA-49AB-B59E-742ADFFFA2F3}.Release|Any CPU.Build.0 = Release|Any CPU
	EndGlobalSection
	GlobalSection(SolutionProperties) = preSolution
		HideSolutionNode = FALSE
	EndGlobalSection
	GlobalSection(NestedProjects) = preSolution
		{9CFB26AD-C4BC-4B94-B08C-1E1AB680AAC8} = {1A1BBF06-E0FE-4C73-8FE7-0E57DB038A4E}
		{79C7D04E-F1F2-465C-B885-C7780D0F0D0B} = {1A1BBF06-E0FE-4C73-8FE7-0E57DB038A4E}
		{E8DF5B3D-C5FF-4F22-9C98-1FF8F76D9181} = {1A1BBF06-E0FE-4C73-8FE7-0E57DB038A4E}
		{5A17E426-0466-4AE8-887C-5B7C66EFF989} = {1A1BBF06-E0FE-4C73-8FE7-0E57DB038A4E}
		{D5DAE815-12E1-469B-BE9E-29E41ED2FCD1} = {1A1BBF06-E0FE-4C73-8FE7-0E57DB038A4E}
		{94617F0E-C463-4B5F-A67F-677E3ABC8F3C} = {1A1BBF06-E0FE-4C73-8FE7-0E57DB038A4E}
		{5E3FF75B-DC48-4D31-BB54-9ED62B36AFEC} = {8BC06058-05B1-412B-9129-2B52C160B33C}
		{F7926212-524A-438A-ACEE-7ABA24423BD1} = {1A1BBF06-E0FE-4C73-8FE7-0E57DB038A4E}
		{F2EB72BD-2998-4256-B65A-BA0464F2646C} = {1A1BBF06-E0FE-4C73-8FE7-0E57DB038A4E}
		{61DCCC87-4716-4A15-AA64-405D1F2D4A3A} = {1A1BBF06-E0FE-4C73-8FE7-0E57DB038A4E}
		{EA48C52A-8AD2-4070-8D26-8455CCDD23C1} = {1A1BBF06-E0FE-4C73-8FE7-0E57DB038A4E}
		{BE42C567-63DA-49AB-B59E-742ADFFFA2F3} = {1A1BBF06-E0FE-4C73-8FE7-0E57DB038A4E}
	EndGlobalSection
EndGlobal
